// !$*UTF8*$!
{
	archiveVersion = 1;
	classes = {
	};
	objectVersion = 50;
	objects = {

/* Begin PBXBuildFile section */
		49157BC42704C0570039DDF6 /* StatsView.swift in Sources */ = {isa = PBXBuildFile; fileRef = 49157BC32704C0570039DDF6 /* StatsView.swift */; };
		49157BC62704C0C80039DDF6 /* StatsViewRow.swift in Sources */ = {isa = PBXBuildFile; fileRef = 49157BC52704C0C80039DDF6 /* StatsViewRow.swift */; };
		49157BC82704C6C20039DDF6 /* BattleView.swift in Sources */ = {isa = PBXBuildFile; fileRef = 49157BC72704C6C20039DDF6 /* BattleView.swift */; };
		49A15BC826FB819F006068A4 /* Bad_Battle_SimApp.swift in Sources */ = {isa = PBXBuildFile; fileRef = 49A15BC726FB819F006068A4 /* Bad_Battle_SimApp.swift */; };
		49A15BCA26FB819F006068A4 /* StartView.swift in Sources */ = {isa = PBXBuildFile; fileRef = 49A15BC926FB819F006068A4 /* StartView.swift */; };
		49A15BCC26FB81A0006068A4 /* Assets.xcassets in Resources */ = {isa = PBXBuildFile; fileRef = 49A15BCB26FB81A0006068A4 /* Assets.xcassets */; };
		49A15BCF26FB81A0006068A4 /* Preview Assets.xcassets in Resources */ = {isa = PBXBuildFile; fileRef = 49A15BCE26FB81A0006068A4 /* Preview Assets.xcassets */; };
		49A15BDD26FB9344006068A4 /* RectangleCard.swift in Sources */ = {isa = PBXBuildFile; fileRef = 49A15BDC26FB9344006068A4 /* RectangleCard.swift */; };
		49A15BE626FBB342006068A4 /* Monsters.swift in Sources */ = {isa = PBXBuildFile; fileRef = 49A15BE526FBB342006068A4 /* Monsters.swift */; };
		49B7493426FBEA9100241971 /* MonsterModel.swift in Sources */ = {isa = PBXBuildFile; fileRef = 49B7493326FBEA9100241971 /* MonsterModel.swift */; };
/* End PBXBuildFile section */

/* Begin PBXFileReference section */
		49157BC32704C0570039DDF6 /* StatsView.swift */ = {isa = PBXFileReference; lastKnownFileType = sourcecode.swift; path = StatsView.swift; sourceTree = "<group>"; };
		49157BC52704C0C80039DDF6 /* StatsViewRow.swift */ = {isa = PBXFileReference; lastKnownFileType = sourcecode.swift; path = StatsViewRow.swift; sourceTree = "<group>"; };
		49157BC72704C6C20039DDF6 /* BattleView.swift */ = {isa = PBXFileReference; lastKnownFileType = sourcecode.swift; path = BattleView.swift; sourceTree = "<group>"; };
		49A15BC426FB819F006068A4 /* Bad Battle Sim.app */ = {isa = PBXFileReference; explicitFileType = wrapper.application; includeInIndex = 0; path = "Bad Battle Sim.app"; sourceTree = BUILT_PRODUCTS_DIR; };
		49A15BC726FB819F006068A4 /* Bad_Battle_SimApp.swift */ = {isa = PBXFileReference; lastKnownFileType = sourcecode.swift; path = Bad_Battle_SimApp.swift; sourceTree = "<group>"; };
		49A15BC926FB819F006068A4 /* StartView.swift */ = {isa = PBXFileReference; lastKnownFileType = sourcecode.swift; path = StartView.swift; sourceTree = "<group>"; };
		49A15BCB26FB81A0006068A4 /* Assets.xcassets */ = {isa = PBXFileReference; lastKnownFileType = folder.assetcatalog; path = Assets.xcassets; sourceTree = "<group>"; };
		49A15BCE26FB81A0006068A4 /* Preview Assets.xcassets */ = {isa = PBXFileReference; lastKnownFileType = folder.assetcatalog; path = "Preview Assets.xcassets"; sourceTree = "<group>"; };
		49A15BD026FB81A0006068A4 /* Info.plist */ = {isa = PBXFileReference; lastKnownFileType = text.plist.xml; path = Info.plist; sourceTree = "<group>"; };
		49A15BDC26FB9344006068A4 /* RectangleCard.swift */ = {isa = PBXFileReference; lastKnownFileType = sourcecode.swift; path = RectangleCard.swift; sourceTree = "<group>"; };
		49A15BE526FBB342006068A4 /* Monsters.swift */ = {isa = PBXFileReference; lastKnownFileType = sourcecode.swift; path = Monsters.swift; sourceTree = "<group>"; };
		49B7493326FBEA9100241971 /* MonsterModel.swift */ = {isa = PBXFileReference; lastKnownFileType = sourcecode.swift; path = MonsterModel.swift; sourceTree = "<group>"; };
/* End PBXFileReference section */

/* Begin PBXFrameworksBuildPhase section */
		49A15BC126FB819F006068A4 /* Frameworks */ = {
			isa = PBXFrameworksBuildPhase;
			buildActionMask = 2147483647;
			files = (
			);
			runOnlyForDeploymentPostprocessing = 0;
		};
/* End PBXFrameworksBuildPhase section */

/* Begin PBXGroup section */
		49A15BBB26FB819F006068A4 = {
			isa = PBXGroup;
			children = (
				49A15BC626FB819F006068A4 /* Bad Battle Sim */,
				49A15BC526FB819F006068A4 /* Products */,
			);
			sourceTree = "<group>";
		};
		49A15BC526FB819F006068A4 /* Products */ = {
			isa = PBXGroup;
			children = (
				49A15BC426FB819F006068A4 /* Bad Battle Sim.app */,
			);
			name = Products;
			sourceTree = "<group>";
		};
		49A15BC626FB819F006068A4 /* Bad Battle Sim */ = {
			isa = PBXGroup;
			children = (
				49A15BC726FB819F006068A4 /* Bad_Battle_SimApp.swift */,
				49A15BD626FB81C6006068A4 /* Views */,
				49A15BD726FB81CD006068A4 /* ViewModels */,
				49A15BD826FB81E4006068A4 /* ContentModels */,
				49A15BE226FBB283006068A4 /* Services */,
				49A15BCB26FB81A0006068A4 /* Assets.xcassets */,
				49A15BD026FB81A0006068A4 /* Info.plist */,
				49A15BCD26FB81A0006068A4 /* Preview Content */,
			);
			path = "Bad Battle Sim";
			sourceTree = "<group>";
		};
		49A15BCD26FB81A0006068A4 /* Preview Content */ = {
			isa = PBXGroup;
			children = (
				49A15BCE26FB81A0006068A4 /* Preview Assets.xcassets */,
			);
			path = "Preview Content";
			sourceTree = "<group>";
		};
		49A15BD626FB81C6006068A4 /* Views */ = {
			isa = PBXGroup;
			children = (
				49A15BC926FB819F006068A4 /* StartView.swift */,
				49A15BDC26FB9344006068A4 /* RectangleCard.swift */,
				49157BC32704C0570039DDF6 /* StatsView.swift */,
				49157BC52704C0C80039DDF6 /* StatsViewRow.swift */,
				49157BC72704C6C20039DDF6 /* BattleView.swift */,
			);
			path = Views;
			sourceTree = "<group>";
		};
		49A15BD726FB81CD006068A4 /* ViewModels */ = {
			isa = PBXGroup;
			children = (
				49B7493326FBEA9100241971 /* MonsterModel.swift */,
			);
			path = ViewModels;
			sourceTree = "<group>";
		};
		49A15BD826FB81E4006068A4 /* ContentModels */ = {
			isa = PBXGroup;
			children = (
				49A15BE526FBB342006068A4 /* Monsters.swift */,
			);
			path = ContentModels;
			sourceTree = "<group>";
		};
		49A15BE226FBB283006068A4 /* Services */ = {
			isa = PBXGroup;
			children = (
			);
			path = Services;
			sourceTree = "<group>";
		};
/* End PBXGroup section */

/* Begin PBXNativeTarget section */
		49A15BC326FB819F006068A4 /* Bad Battle Sim */ = {
			isa = PBXNativeTarget;
			buildConfigurationList = 49A15BD326FB81A0006068A4 /* Build configuration list for PBXNativeTarget "Bad Battle Sim" */;
			buildPhases = (
				49A15BC026FB819F006068A4 /* Sources */,
				49A15BC126FB819F006068A4 /* Frameworks */,
				49A15BC226FB819F006068A4 /* Resources */,
			);
			buildRules = (
			);
			dependencies = (
			);
			name = "Bad Battle Sim";
			productName = "Bad Battle Sim";
			productReference = 49A15BC426FB819F006068A4 /* Bad Battle Sim.app */;
			productType = "com.apple.product-type.application";
		};
/* End PBXNativeTarget section */

/* Begin PBXProject section */
		49A15BBC26FB819F006068A4 /* Project object */ = {
			isa = PBXProject;
			attributes = {
				LastSwiftUpdateCheck = 1250;
				LastUpgradeCheck = 1250;
				TargetAttributes = {
					49A15BC326FB819F006068A4 = {
						CreatedOnToolsVersion = 12.5.1;
					};
				};
			};
			buildConfigurationList = 49A15BBF26FB819F006068A4 /* Build configuration list for PBXProject "Bad Battle Sim" */;
			compatibilityVersion = "Xcode 9.3";
			developmentRegion = en;
			hasScannedForEncodings = 0;
			knownRegions = (
				en,
				Base,
			);
			mainGroup = 49A15BBB26FB819F006068A4;
			productRefGroup = 49A15BC526FB819F006068A4 /* Products */;
			projectDirPath = "";
			projectRoot = "";
			targets = (
				49A15BC326FB819F006068A4 /* Bad Battle Sim */,
			);
		};
/* End PBXProject section */

/* Begin PBXResourcesBuildPhase section */
		49A15BC226FB819F006068A4 /* Resources */ = {
			isa = PBXResourcesBuildPhase;
			buildActionMask = 2147483647;
			files = (
				49A15BCF26FB81A0006068A4 /* Preview Assets.xcassets in Resources */,
				49A15BCC26FB81A0006068A4 /* Assets.xcassets in Resources */,
			);
			runOnlyForDeploymentPostprocessing = 0;
		};
/* End PBXResourcesBuildPhase section */

/* Begin PBXSourcesBuildPhase section */
		49A15BC026FB819F006068A4 /* Sources */ = {
			isa = PBXSourcesBuildPhase;
			buildActionMask = 2147483647;
			files = (
				49A15BDD26FB9344006068A4 /* RectangleCard.swift in Sources */,
				49157BC62704C0C80039DDF6 /* StatsViewRow.swift in Sources */,
				49157BC82704C6C20039DDF6 /* BattleView.swift in Sources */,
				49A15BE626FBB342006068A4 /* Monsters.swift in Sources */,
				49157BC42704C0570039DDF6 /* StatsView.swift in Sources */,
				49A15BCA26FB819F006068A4 /* StartView.swift in Sources */,
				49B7493426FBEA9100241971 /* MonsterModel.swift in Sources */,
				49A15BC826FB819F006068A4 /* Bad_Battle_SimApp.swift in Sources */,
			);
			runOnlyForDeploymentPostprocessing = 0;
		};
/* End PBXSourcesBuildPhase section */

/* Begin XCBuildConfiguration section */
		49A15BD126FB81A0006068A4 /* Debug */ = {
			isa = XCBuildConfiguration;
			buildSettings = {
				ALWAYS_SEARCH_USER_PATHS = NO;
				CLANG_ANALYZER_NONNULL = YES;
				CLANG_ANALYZER_NUMBER_OBJECT_CONVERSION = YES_AGGRESSIVE;
				CLANG_CXX_LANGUAGE_STANDARD = "gnu++14";
				CLANG_CXX_LIBRARY = "libc++";
				CLANG_ENABLE_MODULES = YES;
				CLANG_ENABLE_OBJC_ARC = YES;
				CLANG_ENABLE_OBJC_WEAK = YES;
				CLANG_WARN_BLOCK_CAPTURE_AUTORELEASING = YES;
				CLANG_WARN_BOOL_CONVERSION = YES;
				CLANG_WARN_COMMA = YES;
				CLANG_WARN_CONSTANT_CONVERSION = YES;
				CLANG_WARN_DEPRECATED_OBJC_IMPLEMENTATIONS = YES;
				CLANG_WARN_DIRECT_OBJC_ISA_USAGE = YES_ERROR;
				CLANG_WARN_DOCUMENTATION_COMMENTS = YES;
				CLANG_WARN_EMPTY_BODY = YES;
				CLANG_WARN_ENUM_CONVERSION = YES;
				CLANG_WARN_INFINITE_RECURSION = YES;
				CLANG_WARN_INT_CONVERSION = YES;
				CLANG_WARN_NON_LITERAL_NULL_CONVERSION = YES;
				CLANG_WARN_OBJC_IMPLICIT_RETAIN_SELF = YES;
				CLANG_WARN_OBJC_LITERAL_CONVERSION = YES;
				CLANG_WARN_OBJC_ROOT_CLASS = YES_ERROR;
				CLANG_WARN_QUOTED_INCLUDE_IN_FRAMEWORK_HEADER = YES;
				CLANG_WARN_RANGE_LOOP_ANALYSIS = YES;
				CLANG_WARN_STRICT_PROTOTYPES = YES;
				CLANG_WARN_SUSPICIOUS_MOVE = YES;
				CLANG_WARN_UNGUARDED_AVAILABILITY = YES_AGGRESSIVE;
				CLANG_WARN_UNREACHABLE_CODE = YES;
				CLANG_WARN__DUPLICATE_METHOD_MATCH = YES;
				COPY_PHASE_STRIP = NO;
				DEBUG_INFORMATION_FORMAT = dwarf;
				ENABLE_STRICT_OBJC_MSGSEND = YES;
				ENABLE_TESTABILITY = YES;
				GCC_C_LANGUAGE_STANDARD = gnu11;
				GCC_DYNAMIC_NO_PIC = NO;
				GCC_NO_COMMON_BLOCKS = YES;
				GCC_OPTIMIZATION_LEVEL = 0;
				GCC_PREPROCESSOR_DEFINITIONS = (
					"DEBUG=1",
					"$(inherited)",
				);
				GCC_WARN_64_TO_32_BIT_CONVERSION = YES;
				GCC_WARN_ABOUT_RETURN_TYPE = YES_ERROR;
				GCC_WARN_UNDECLARED_SELECTOR = YES;
				GCC_WARN_UNINITIALIZED_AUTOS = YES_AGGRESSIVE;
				GCC_WARN_UNUSED_FUNCTION = YES;
				GCC_WARN_UNUSED_VARIABLE = YES;
				IPHONEOS_DEPLOYMENT_TARGET = 14.5;
				MTL_ENABLE_DEBUG_INFO = INCLUDE_SOURCE;
				MTL_FAST_MATH = YES;
				ONLY_ACTIVE_ARCH = YES;
				SDKROOT = iphoneos;
				SWIFT_ACTIVE_COMPILATION_CONDITIONS = DEBUG;
				SWIFT_OPTIMIZATION_LEVEL = "-Onone";
			};
			name = Debug;
		};
		49A15BD226FB81A0006068A4 /* Release */ = {
			isa = XCBuildConfiguration;
			buildSettings = {
				ALWAYS_SEARCH_USER_PATHS = NO;
				CLANG_ANALYZER_NONNULL = YES;
				CLANG_ANALYZER_NUMBER_OBJECT_CONVERSION = YES_AGGRESSIVE;
				CLANG_CXX_LANGUAGE_STANDARD = "gnu++14";
				CLANG_CXX_LIBRARY = "libc++";
				CLANG_ENABLE_MODULES = YES;
				CLANG_ENABLE_OBJC_ARC = YES;
				CLANG_ENABLE_OBJC_WEAK = YES;
				CLANG_WARN_BLOCK_CAPTURE_AUTORELEASING = YES;
				CLANG_WARN_BOOL_CONVERSION = YES;
				CLANG_WARN_COMMA = YES;
				CLANG_WARN_CONSTANT_CONVERSION = YES;
				CLANG_WARN_DEPRECATED_OBJC_IMPLEMENTATIONS = YES;
				CLANG_WARN_DIRECT_OBJC_ISA_USAGE = YES_ERROR;
				CLANG_WARN_DOCUMENTATION_COMMENTS = YES;
				CLANG_WARN_EMPTY_BODY = YES;
				CLANG_WARN_ENUM_CONVERSION = YES;
				CLANG_WARN_INFINITE_RECURSION = YES;
				CLANG_WARN_INT_CONVERSION = YES;
				CLANG_WARN_NON_LITERAL_NULL_CONVERSION = YES;
				CLANG_WARN_OBJC_IMPLICIT_RETAIN_SELF = YES;
				CLANG_WARN_OBJC_LITERAL_CONVERSION = YES;
				CLANG_WARN_OBJC_ROOT_CLASS = YES_ERROR;
				CLANG_WARN_QUOTED_INCLUDE_IN_FRAMEWORK_HEADER = YES;
				CLANG_WARN_RANGE_LOOP_ANALYSIS = YES;
				CLANG_WARN_STRICT_PROTOTYPES = YES;
				CLANG_WARN_SUSPICIOUS_MOVE = YES;
				CLANG_WARN_UNGUARDED_AVAILABILITY = YES_AGGRESSIVE;
				CLANG_WARN_UNREACHABLE_CODE = YES;
				CLANG_WARN__DUPLICATE_METHOD_MATCH = YES;
				COPY_PHASE_STRIP = NO;
				DEBUG_INFORMATION_FORMAT = "dwarf-with-dsym";
				ENABLE_NS_ASSERTIONS = NO;
				ENABLE_STRICT_OBJC_MSGSEND = YES;
				GCC_C_LANGUAGE_STANDARD = gnu11;
				GCC_NO_COMMON_BLOCKS = YES;
				GCC_WARN_64_TO_32_BIT_CONVERSION = YES;
				GCC_WARN_ABOUT_RETURN_TYPE = YES_ERROR;
				GCC_WARN_UNDECLARED_SELECTOR = YES;
				GCC_WARN_UNINITIALIZED_AUTOS = YES_AGGRESSIVE;
				GCC_WARN_UNUSED_FUNCTION = YES;
				GCC_WARN_UNUSED_VARIABLE = YES;
				IPHONEOS_DEPLOYMENT_TARGET = 14.5;
				MTL_ENABLE_DEBUG_INFO = NO;
				MTL_FAST_MATH = YES;
				SDKROOT = iphoneos;
				SWIFT_COMPILATION_MODE = wholemodule;
				SWIFT_OPTIMIZATION_LEVEL = "-O";
				VALIDATE_PRODUCT = YES;
			};
			name = Release;
		};
		49A15BD426FB81A0006068A4 /* Debug */ = {
			isa = XCBuildConfiguration;
			buildSettings = {
				ASSETCATALOG_COMPILER_APPICON_NAME = AppIcon;
				ASSETCATALOG_COMPILER_GLOBAL_ACCENT_COLOR_NAME = AccentColor;
				CODE_SIGN_STYLE = Automatic;
				DEVELOPMENT_ASSET_PATHS = "\"Bad Battle Sim/Preview Content\"";
				DEVELOPMENT_TEAM = S9VRHR423D;
				ENABLE_PREVIEWS = YES;
				INFOPLIST_FILE = "Bad Battle Sim/Info.plist";
				IPHONEOS_DEPLOYMENT_TARGET = 14.0;
				LD_RUNPATH_SEARCH_PATHS = (
					"$(inherited)",
					"@executable_path/Frameworks",
				);
				PRODUCT_BUNDLE_IDENTIFIER = "onlyFantasyProductions.Bad-Battle-Sim";
				PRODUCT_NAME = "$(TARGET_NAME)";
				SWIFT_VERSION = 5.0;
				TARGETED_DEVICE_FAMILY = "1,2";
			};
			name = Debug;
		};
		49A15BD526FB81A0006068A4 /* Release */ = {
			isa = XCBuildConfiguration;
			buildSettings = {
				ASSETCATALOG_COMPILER_APPICON_NAME = AppIcon;
				ASSETCATALOG_COMPILER_GLOBAL_ACCENT_COLOR_NAME = AccentColor;
				CODE_SIGN_STYLE = Automatic;
				DEVELOPMENT_ASSET_PATHS = "\"Bad Battle Sim/Preview Content\"";
				DEVELOPMENT_TEAM = S9VRHR423D;
				ENABLE_PREVIEWS = YES;
				INFOPLIST_FILE = "Bad Battle Sim/Info.plist";
				IPHONEOS_DEPLOYMENT_TARGET = 14.0;
				LD_RUNPATH_SEARCH_PATHS = (
					"$(inherited)",
					"@executable_path/Frameworks",
				);
				PRODUCT_BUNDLE_IDENTIFIER = "onlyFantasyProductions.Bad-Battle-Sim";
				PRODUCT_NAME = "$(TARGET_NAME)";
				SWIFT_VERSION = 5.0;
				TARGETED_DEVICE_FAMILY = "1,2";
			};
			name = Release;
		};
/* End XCBuildConfiguration section */

/* Begin XCConfigurationList section */
		49A15BBF26FB819F006068A4 /* Build configuration list for PBXProject "Bad Battle Sim" */ = {
			isa = XCConfigurationList;
			buildConfigurations = (
				49A15BD126FB81A0006068A4 /* Debug */,
				49A15BD226FB81A0006068A4 /* Release */,
			);
			defaultConfigurationIsVisible = 0;
			defaultConfigurationName = Release;
		};
		49A15BD326FB81A0006068A4 /* Build configuration list for PBXNativeTarget "Bad Battle Sim" */ = {
			isa = XCConfigurationList;
			buildConfigurations = (
				49A15BD426FB81A0006068A4 /* Debug */,
				49A15BD526FB81A0006068A4 /* Release */,
			);
			defaultConfigurationIsVisible = 0;
			defaultConfigurationName = Release;
		};
/* End XCConfigurationList section */
	};
	rootObject = 49A15BBC26FB819F006068A4 /* Project object */;
}
